dependencies:
  espressif/mqtt:
    component_hash: ffdad5659706b4dc14bc63f8eb73ef765efa015bf7e9adf71c813d52a2dc9342
    dependencies:
    - name: idf
      require: private
      version: '>=5.3'
    source:
      registry_url: https://components.espressif.com/
      type: service
    version: 1.0.0
  idf:
    source:
      type: idf
    version: 6.1.0
direct_dependencies:
- espressif/mqtt
manifest_hash: 430c46e6c8d8e9e3ca5e462b9757d14170dd21c53f8d841aea2ea6fca14a14a1
target: esp32c5
version: 3.0.0
